// !$*UTF8*$!
{
	archiveVersion = 1;
	classes = {
	};
	objectVersion = 56;
	objects = {

/* Begin PBXBuildFile section */
		D73CDC392AF6991700D5A8E4 /* GoogleService-Info.plist in Resources */ = {isa = PBXBuildFile; fileRef = D73CDC382AF6991700D5A8E4 /* GoogleService-Info.plist */; };
		D73CDC3C2AF69D1900D5A8E4 /* FirebaseAuth in Frameworks */ = {isa = PBXBuildFile; productRef = D73CDC3B2AF69D1900D5A8E4 /* FirebaseAuth */; };
		D73CDC3E2AF69D1900D5A8E4 /* FirebaseAuthCombine-Community in Frameworks */ = {isa = PBXBuildFile; productRef = D73CDC3D2AF69D1900D5A8E4 /* FirebaseAuthCombine-Community */; };
		D73CDC402AF69D1900D5A8E4 /* FirebaseFirestore in Frameworks */ = {isa = PBXBuildFile; productRef = D73CDC3F2AF69D1900D5A8E4 /* FirebaseFirestore */; };
		D73CDC422AF69D1900D5A8E4 /* FirebaseFirestoreSwift in Frameworks */ = {isa = PBXBuildFile; productRef = D73CDC412AF69D1900D5A8E4 /* FirebaseFirestoreSwift */; };
		D73CDC442AF69D1900D5A8E4 /* FirebaseFunctions in Frameworks */ = {isa = PBXBuildFile; productRef = D73CDC432AF69D1900D5A8E4 /* FirebaseFunctions */; };
		D73CDC462AF69D1900D5A8E4 /* FirebaseFunctionsCombine-Community in Frameworks */ = {isa = PBXBuildFile; productRef = D73CDC452AF69D1900D5A8E4 /* FirebaseFunctionsCombine-Community */; };
		D73CDC482AF69D1900D5A8E4 /* FirebaseStorage in Frameworks */ = {isa = PBXBuildFile; productRef = D73CDC472AF69D1900D5A8E4 /* FirebaseStorage */; };
		D73CDC4A2AF8DFD400D5A8E4 /* Reminder.swift in Sources */ = {isa = PBXBuildFile; fileRef = D73CDC492AF8DFD400D5A8E4 /* Reminder.swift */; };
		D73CDC4C2AF8E14000D5A8E4 /* ReminderListViewController.swift in Sources */ = {isa = PBXBuildFile; fileRef = D73CDC4B2AF8E14000D5A8E4 /* ReminderListViewController.swift */; };
		D7B8CA862AF4FBDD005C29D6 /* AppDelegate.swift in Sources */ = {isa = PBXBuildFile; fileRef = D7B8CA852AF4FBDD005C29D6 /* AppDelegate.swift */; };
		D7B8CA882AF4FBDD005C29D6 /* SceneDelegate.swift in Sources */ = {isa = PBXBuildFile; fileRef = D7B8CA872AF4FBDD005C29D6 /* SceneDelegate.swift */; };
		D7B8CA8A2AF4FBDD005C29D6 /* WelcomeViewController.swift in Sources */ = {isa = PBXBuildFile; fileRef = D7B8CA892AF4FBDD005C29D6 /* WelcomeViewController.swift */; };
		D7B8CA8D2AF4FBDD005C29D6 /* Main.storyboard in Resources */ = {isa = PBXBuildFile; fileRef = D7B8CA8B2AF4FBDD005C29D6 /* Main.storyboard */; };
		D7B8CA8F2AF4FBDE005C29D6 /* Assets.xcassets in Resources */ = {isa = PBXBuildFile; fileRef = D7B8CA8E2AF4FBDE005C29D6 /* Assets.xcassets */; };
		D7B8CA922AF4FBDE005C29D6 /* LaunchScreen.storyboard in Resources */ = {isa = PBXBuildFile; fileRef = D7B8CA902AF4FBDE005C29D6 /* LaunchScreen.storyboard */; };
		D7B8CA9E2AF51011005C29D6 /* LoginViewController.swift in Sources */ = {isa = PBXBuildFile; fileRef = D7B8CA9C2AF51011005C29D6 /* LoginViewController.swift */; };
		D7B8CA9F2AF51011005C29D6 /* RegisterViewController.swift in Sources */ = {isa = PBXBuildFile; fileRef = D7B8CA9D2AF51011005C29D6 /* RegisterViewController.swift */; };
/* End PBXBuildFile section */

/* Begin PBXFileReference section */
		D73CDC382AF6991700D5A8E4 /* GoogleService-Info.plist */ = {isa = PBXFileReference; fileEncoding = 4; lastKnownFileType = text.plist.xml; path = "GoogleService-Info.plist"; sourceTree = "<group>"; };
		D73CDC492AF8DFD400D5A8E4 /* Reminder.swift */ = {isa = PBXFileReference; lastKnownFileType = sourcecode.swift; path = Reminder.swift; sourceTree = "<group>"; };
		D73CDC4B2AF8E14000D5A8E4 /* ReminderListViewController.swift */ = {isa = PBXFileReference; lastKnownFileType = sourcecode.swift; path = ReminderListViewController.swift; sourceTree = "<group>"; };
		D7B8CA822AF4FBDD005C29D6 /* RemindRight.app */ = {isa = PBXFileReference; explicitFileType = wrapper.application; includeInIndex = 0; path = RemindRight.app; sourceTree = BUILT_PRODUCTS_DIR; };
		D7B8CA852AF4FBDD005C29D6 /* AppDelegate.swift */ = {isa = PBXFileReference; lastKnownFileType = sourcecode.swift; path = AppDelegate.swift; sourceTree = "<group>"; };
		D7B8CA872AF4FBDD005C29D6 /* SceneDelegate.swift */ = {isa = PBXFileReference; lastKnownFileType = sourcecode.swift; path = SceneDelegate.swift; sourceTree = "<group>"; };
		D7B8CA892AF4FBDD005C29D6 /* WelcomeViewController.swift */ = {isa = PBXFileReference; lastKnownFileType = sourcecode.swift; path = WelcomeViewController.swift; sourceTree = "<group>"; };
		D7B8CA8C2AF4FBDD005C29D6 /* Base */ = {isa = PBXFileReference; lastKnownFileType = file.storyboard; name = Base; path = Base.lproj/Main.storyboard; sourceTree = "<group>"; };
		D7B8CA8E2AF4FBDE005C29D6 /* Assets.xcassets */ = {isa = PBXFileReference; lastKnownFileType = folder.assetcatalog; path = Assets.xcassets; sourceTree = "<group>"; };
		D7B8CA912AF4FBDE005C29D6 /* Base */ = {isa = PBXFileReference; lastKnownFileType = file.storyboard; name = Base; path = Base.lproj/LaunchScreen.storyboard; sourceTree = "<group>"; };
		D7B8CA932AF4FBDE005C29D6 /* Info.plist */ = {isa = PBXFileReference; lastKnownFileType = text.plist.xml; path = Info.plist; sourceTree = "<group>"; };
		D7B8CA9C2AF51011005C29D6 /* LoginViewController.swift */ = {isa = PBXFileReference; fileEncoding = 4; lastKnownFileType = sourcecode.swift; path = LoginViewController.swift; sourceTree = "<group>"; };
		D7B8CA9D2AF51011005C29D6 /* RegisterViewController.swift */ = {isa = PBXFileReference; fileEncoding = 4; lastKnownFileType = sourcecode.swift; path = RegisterViewController.swift; sourceTree = "<group>"; };
/* End PBXFileReference section */

/* Begin PBXFrameworksBuildPhase section */
		D7B8CA7F2AF4FBDD005C29D6 /* Frameworks */ = {
			isa = PBXFrameworksBuildPhase;
			buildActionMask = 2147483647;
			files = (
				D73CDC3C2AF69D1900D5A8E4 /* FirebaseAuth in Frameworks */,
				D73CDC3E2AF69D1900D5A8E4 /* FirebaseAuthCombine-Community in Frameworks */,
				D73CDC442AF69D1900D5A8E4 /* FirebaseFunctions in Frameworks */,
				D73CDC402AF69D1900D5A8E4 /* FirebaseFirestore in Frameworks */,
				D73CDC482AF69D1900D5A8E4 /* FirebaseStorage in Frameworks */,
				D73CDC422AF69D1900D5A8E4 /* FirebaseFirestoreSwift in Frameworks */,
				D73CDC462AF69D1900D5A8E4 /* FirebaseFunctionsCombine-Community in Frameworks */,
			);
			runOnlyForDeploymentPostprocessing = 0;
		};
/* End PBXFrameworksBuildPhase section */

/* Begin PBXGroup section */
		D7B8CA792AF4FBDD005C29D6 = {
			isa = PBXGroup;
			children = (
				D7B8CA842AF4FBDD005C29D6 /* RemindRight */,
				D7B8CA832AF4FBDD005C29D6 /* Products */,
			);
			sourceTree = "<group>";
		};
		D7B8CA832AF4FBDD005C29D6 /* Products */ = {
			isa = PBXGroup;
			children = (
				D7B8CA822AF4FBDD005C29D6 /* RemindRight.app */,
			);
			name = Products;
			sourceTree = "<group>";
		};
		D7B8CA842AF4FBDD005C29D6 /* RemindRight */ = {
			isa = PBXGroup;
			children = (
				D7B8CA852AF4FBDD005C29D6 /* AppDelegate.swift */,
				D7B8CA872AF4FBDD005C29D6 /* SceneDelegate.swift */,
				D7B8CA9B2AF50E29005C29D6 /* Models */,
				D7B8CA992AF50E10005C29D6 /* Views */,
				D7B8CA9A2AF50E1D005C29D6 /* Controllers */,
				D7B8CA902AF4FBDE005C29D6 /* LaunchScreen.storyboard */,
				D7B8CA8E2AF4FBDE005C29D6 /* Assets.xcassets */,
				D7B8CA932AF4FBDE005C29D6 /* Info.plist */,
				D73CDC382AF6991700D5A8E4 /* GoogleService-Info.plist */,
			);
			path = RemindRight;
			sourceTree = "<group>";
		};
		D7B8CA992AF50E10005C29D6 /* Views */ = {
			isa = PBXGroup;
			children = (
				D7B8CA8B2AF4FBDD005C29D6 /* Main.storyboard */,
			);
			path = Views;
			sourceTree = "<group>";
		};
		D7B8CA9A2AF50E1D005C29D6 /* Controllers */ = {
			isa = PBXGroup;
			children = (
				D7B8CA892AF4FBDD005C29D6 /* WelcomeViewController.swift */,
				D7B8CA9C2AF51011005C29D6 /* LoginViewController.swift */,
				D7B8CA9D2AF51011005C29D6 /* RegisterViewController.swift */,
				D73CDC4B2AF8E14000D5A8E4 /* ReminderListViewController.swift */,
			);
			path = Controllers;
			sourceTree = "<group>";
		};
		D7B8CA9B2AF50E29005C29D6 /* Models */ = {
			isa = PBXGroup;
			children = (
				D73CDC492AF8DFD400D5A8E4 /* Reminder.swift */,
			);
			path = Models;
			sourceTree = "<group>";
		};
/* End PBXGroup section */

/* Begin PBXNativeTarget section */
		D7B8CA812AF4FBDD005C29D6 /* RemindRight */ = {
			isa = PBXNativeTarget;
			buildConfigurationList = D7B8CA962AF4FBDE005C29D6 /* Build configuration list for PBXNativeTarget "RemindRight" */;
			buildPhases = (
				D7B8CA7E2AF4FBDD005C29D6 /* Sources */,
				D7B8CA7F2AF4FBDD005C29D6 /* Frameworks */,
				D7B8CA802AF4FBDD005C29D6 /* Resources */,
			);
			buildRules = (
			);
			dependencies = (
			);
			name = RemindRight;
			packageProductDependencies = (
				D73CDC3B2AF69D1900D5A8E4 /* FirebaseAuth */,
				D73CDC3D2AF69D1900D5A8E4 /* FirebaseAuthCombine-Community */,
				D73CDC3F2AF69D1900D5A8E4 /* FirebaseFirestore */,
				D73CDC412AF69D1900D5A8E4 /* FirebaseFirestoreSwift */,
				D73CDC432AF69D1900D5A8E4 /* FirebaseFunctions */,
				D73CDC452AF69D1900D5A8E4 /* FirebaseFunctionsCombine-Community */,
				D73CDC472AF69D1900D5A8E4 /* FirebaseStorage */,
			);
			productName = RemindRight;
			productReference = D7B8CA822AF4FBDD005C29D6 /* RemindRight.app */;
			productType = "com.apple.product-type.application";
		};
/* End PBXNativeTarget section */

/* Begin PBXProject section */
		D7B8CA7A2AF4FBDD005C29D6 /* Project object */ = {
			isa = PBXProject;
			attributes = {
				BuildIndependentTargetsInParallel = 1;
				LastSwiftUpdateCheck = 1420;
				LastUpgradeCheck = 1420;
				TargetAttributes = {
					D7B8CA812AF4FBDD005C29D6 = {
						CreatedOnToolsVersion = 14.2;
					};
				};
			};
			buildConfigurationList = D7B8CA7D2AF4FBDD005C29D6 /* Build configuration list for PBXProject "RemindRight" */;
			compatibilityVersion = "Xcode 14.0";
			developmentRegion = en;
			hasScannedForEncodings = 0;
			knownRegions = (
				en,
				Base,
			);
			mainGroup = D7B8CA792AF4FBDD005C29D6;
			packageReferences = (
				D73CDC3A2AF69D1900D5A8E4 /* XCRemoteSwiftPackageReference "firebase-ios-sdk" */,
			);
			productRefGroup = D7B8CA832AF4FBDD005C29D6 /* Products */;
			projectDirPath = "";
			projectRoot = "";
			targets = (
				D7B8CA812AF4FBDD005C29D6 /* RemindRight */,
			);
		};
/* End PBXProject section */

/* Begin PBXResourcesBuildPhase section */
		D7B8CA802AF4FBDD005C29D6 /* Resources */ = {
			isa = PBXResourcesBuildPhase;
			buildActionMask = 2147483647;
			files = (
				D7B8CA922AF4FBDE005C29D6 /* LaunchScreen.storyboard in Resources */,
				D73CDC392AF6991700D5A8E4 /* GoogleService-Info.plist in Resources */,
				D7B8CA8F2AF4FBDE005C29D6 /* Assets.xcassets in Resources */,
				D7B8CA8D2AF4FBDD005C29D6 /* Main.storyboard in Resources */,
			);
			runOnlyForDeploymentPostprocessing = 0;
		};
/* End PBXResourcesBuildPhase section */

/* Begin PBXSourcesBuildPhase section */
		D7B8CA7E2AF4FBDD005C29D6 /* Sources */ = {
			isa = PBXSourcesBuildPhase;
			buildActionMask = 2147483647;
			files = (
				D7B8CA9E2AF51011005C29D6 /* LoginViewController.swift in Sources */,
				D73CDC4C2AF8E14000D5A8E4 /* ReminderListViewController.swift in Sources */,
				D7B8CA9F2AF51011005C29D6 /* RegisterViewController.swift in Sources */,
				D7B8CA8A2AF4FBDD005C29D6 /* WelcomeViewController.swift in Sources */,
				D73CDC4A2AF8DFD400D5A8E4 /* Reminder.swift in Sources */,
				D7B8CA862AF4FBDD005C29D6 /* AppDelegate.swift in Sources */,
				D7B8CA882AF4FBDD005C29D6 /* SceneDelegate.swift in Sources */,
			);
			runOnlyForDeploymentPostprocessing = 0;
		};
/* End PBXSourcesBuildPhase section */

/* Begin PBXVariantGroup section */
		D7B8CA8B2AF4FBDD005C29D6 /* Main.storyboard */ = {
			isa = PBXVariantGroup;
			children = (
				D7B8CA8C2AF4FBDD005C29D6 /* Base */,
			);
			name = Main.storyboard;
			sourceTree = "<group>";
		};
		D7B8CA902AF4FBDE005C29D6 /* LaunchScreen.storyboard */ = {
			isa = PBXVariantGroup;
			children = (
				D7B8CA912AF4FBDE005C29D6 /* Base */,
			);
			name = LaunchScreen.storyboard;
			sourceTree = "<group>";
		};
/* End PBXVariantGroup section */

/* Begin XCBuildConfiguration section */
		D7B8CA942AF4FBDE005C29D6 /* Debug */ = {
			isa = XCBuildConfiguration;
			buildSettings = {
				ALWAYS_SEARCH_USER_PATHS = NO;
				CLANG_ANALYZER_NONNULL = YES;
				CLANG_ANALYZER_NUMBER_OBJECT_CONVERSION = YES_AGGRESSIVE;
				CLANG_CXX_LANGUAGE_STANDARD = "gnu++20";
				CLANG_ENABLE_MODULES = YES;
				CLANG_ENABLE_OBJC_ARC = YES;
				CLANG_ENABLE_OBJC_WEAK = YES;
				CLANG_WARN_BLOCK_CAPTURE_AUTORELEASING = YES;
				CLANG_WARN_BOOL_CONVERSION = YES;
				CLANG_WARN_COMMA = YES;
				CLANG_WARN_CONSTANT_CONVERSION = YES;
				CLANG_WARN_DEPRECATED_OBJC_IMPLEMENTATIONS = YES;
				CLANG_WARN_DIRECT_OBJC_ISA_USAGE = YES_ERROR;
				CLANG_WARN_DOCUMENTATION_COMMENTS = YES;
				CLANG_WARN_EMPTY_BODY = YES;
				CLANG_WARN_ENUM_CONVERSION = YES;
				CLANG_WARN_INFINITE_RECURSION = YES;
				CLANG_WARN_INT_CONVERSION = YES;
				CLANG_WARN_NON_LITERAL_NULL_CONVERSION = YES;
				CLANG_WARN_OBJC_IMPLICIT_RETAIN_SELF = YES;
				CLANG_WARN_OBJC_LITERAL_CONVERSION = YES;
				CLANG_WARN_OBJC_ROOT_CLASS = YES_ERROR;
				CLANG_WARN_QUOTED_INCLUDE_IN_FRAMEWORK_HEADER = YES;
				CLANG_WARN_RANGE_LOOP_ANALYSIS = YES;
				CLANG_WARN_STRICT_PROTOTYPES = YES;
				CLANG_WARN_SUSPICIOUS_MOVE = YES;
				CLANG_WARN_UNGUARDED_AVAILABILITY = YES_AGGRESSIVE;
				CLANG_WARN_UNREACHABLE_CODE = YES;
				CLANG_WARN__DUPLICATE_METHOD_MATCH = YES;
				COPY_PHASE_STRIP = NO;
				DEBUG_INFORMATION_FORMAT = dwarf;
				ENABLE_STRICT_OBJC_MSGSEND = YES;
				ENABLE_TESTABILITY = YES;
				GCC_C_LANGUAGE_STANDARD = gnu11;
				GCC_DYNAMIC_NO_PIC = NO;
				GCC_NO_COMMON_BLOCKS = YES;
				GCC_OPTIMIZATION_LEVEL = 0;
				GCC_PREPROCESSOR_DEFINITIONS = (
					"DEBUG=1",
					"$(inherited)",
				);
				GCC_WARN_64_TO_32_BIT_CONVERSION = YES;
				GCC_WARN_ABOUT_RETURN_TYPE = YES_ERROR;
				GCC_WARN_UNDECLARED_SELECTOR = YES;
				GCC_WARN_UNINITIALIZED_AUTOS = YES_AGGRESSIVE;
				GCC_WARN_UNUSED_FUNCTION = YES;
				GCC_WARN_UNUSED_VARIABLE = YES;
				IPHONEOS_DEPLOYMENT_TARGET = 16.2;
				MTL_ENABLE_DEBUG_INFO = INCLUDE_SOURCE;
				MTL_FAST_MATH = YES;
				ONLY_ACTIVE_ARCH = YES;
				SDKROOT = iphoneos;
				SWIFT_ACTIVE_COMPILATION_CONDITIONS = DEBUG;
				SWIFT_OPTIMIZATION_LEVEL = "-Onone";
			};
			name = Debug;
		};
		D7B8CA952AF4FBDE005C29D6 /* Release */ = {
			isa = XCBuildConfiguration;
			buildSettings = {
				ALWAYS_SEARCH_USER_PATHS = NO;
				CLANG_ANALYZER_NONNULL = YES;
				CLANG_ANALYZER_NUMBER_OBJECT_CONVERSION = YES_AGGRESSIVE;
				CLANG_CXX_LANGUAGE_STANDARD = "gnu++20";
				CLANG_ENABLE_MODULES = YES;
				CLANG_ENABLE_OBJC_ARC = YES;
				CLANG_ENABLE_OBJC_WEAK = YES;
				CLANG_WARN_BLOCK_CAPTURE_AUTORELEASING = YES;
				CLANG_WARN_BOOL_CONVERSION = YES;
				CLANG_WARN_COMMA = YES;
				CLANG_WARN_CONSTANT_CONVERSION = YES;
				CLANG_WARN_DEPRECATED_OBJC_IMPLEMENTATIONS = YES;
				CLANG_WARN_DIRECT_OBJC_ISA_USAGE = YES_ERROR;
				CLANG_WARN_DOCUMENTATION_COMMENTS = YES;
				CLANG_WARN_EMPTY_BODY = YES;
				CLANG_WARN_ENUM_CONVERSION = YES;
				CLANG_WARN_INFINITE_RECURSION = YES;
				CLANG_WARN_INT_CONVERSION = YES;
				CLANG_WARN_NON_LITERAL_NULL_CONVERSION = YES;
				CLANG_WARN_OBJC_IMPLICIT_RETAIN_SELF = YES;
				CLANG_WARN_OBJC_LITERAL_CONVERSION = YES;
				CLANG_WARN_OBJC_ROOT_CLASS = YES_ERROR;
				CLANG_WARN_QUOTED_INCLUDE_IN_FRAMEWORK_HEADER = YES;
				CLANG_WARN_RANGE_LOOP_ANALYSIS = YES;
				CLANG_WARN_STRICT_PROTOTYPES = YES;
				CLANG_WARN_SUSPICIOUS_MOVE = YES;
				CLANG_WARN_UNGUARDED_AVAILABILITY = YES_AGGRESSIVE;
				CLANG_WARN_UNREACHABLE_CODE = YES;
				CLANG_WARN__DUPLICATE_METHOD_MATCH = YES;
				COPY_PHASE_STRIP = NO;
				DEBUG_INFORMATION_FORMAT = "dwarf-with-dsym";
				ENABLE_NS_ASSERTIONS = NO;
				ENABLE_STRICT_OBJC_MSGSEND = YES;
				GCC_C_LANGUAGE_STANDARD = gnu11;
				GCC_NO_COMMON_BLOCKS = YES;
				GCC_WARN_64_TO_32_BIT_CONVERSION = YES;
				GCC_WARN_ABOUT_RETURN_TYPE = YES_ERROR;
				GCC_WARN_UNDECLARED_SELECTOR = YES;
				GCC_WARN_UNINITIALIZED_AUTOS = YES_AGGRESSIVE;
				GCC_WARN_UNUSED_FUNCTION = YES;
				GCC_WARN_UNUSED_VARIABLE = YES;
				IPHONEOS_DEPLOYMENT_TARGET = 16.2;
				MTL_ENABLE_DEBUG_INFO = NO;
				MTL_FAST_MATH = YES;
				SDKROOT = iphoneos;
				SWIFT_COMPILATION_MODE = wholemodule;
				SWIFT_OPTIMIZATION_LEVEL = "-O";
				VALIDATE_PRODUCT = YES;
			};
			name = Release;
		};
		D7B8CA972AF4FBDE005C29D6 /* Debug */ = {
			isa = XCBuildConfiguration;
			buildSettings = {
				ASSETCATALOG_COMPILER_APPICON_NAME = AppIcon;
				ASSETCATALOG_COMPILER_GLOBAL_ACCENT_COLOR_NAME = AccentColor;
				CODE_SIGN_STYLE = Automatic;
				CURRENT_PROJECT_VERSION = 1;
				GENERATE_INFOPLIST_FILE = YES;
				INFOPLIST_FILE = RemindRight/Info.plist;
				INFOPLIST_KEY_UIApplicationSupportsIndirectInputEvents = YES;
				INFOPLIST_KEY_UILaunchStoryboardName = LaunchScreen;
				INFOPLIST_KEY_UIMainStoryboardFile = Main;
				INFOPLIST_KEY_UISupportedInterfaceOrientations_iPad = "UIInterfaceOrientationPortrait UIInterfaceOrientationPortraitUpsideDown UIInterfaceOrientationLandscapeLeft UIInterfaceOrientationLandscapeRight";
				INFOPLIST_KEY_UISupportedInterfaceOrientations_iPhone = "UIInterfaceOrientationPortrait UIInterfaceOrientationLandscapeLeft UIInterfaceOrientationLandscapeRight";
				LD_RUNPATH_SEARCH_PATHS = (
					"$(inherited)",
					"@executable_path/Frameworks",
				);
				MARKETING_VERSION = 1.0;
				PRODUCT_BUNDLE_IDENTIFIER = com.tayyab.RemindRight;
				PRODUCT_NAME = "$(TARGET_NAME)";
				SWIFT_EMIT_LOC_STRINGS = YES;
				SWIFT_VERSION = 5.0;
				TARGETED_DEVICE_FAMILY = "1,2";
			};
			name = Debug;
		};
		D7B8CA982AF4FBDE005C29D6 /* Release */ = {
			isa = XCBuildConfiguration;
			buildSettings = {
				ASSETCATALOG_COMPILER_APPICON_NAME = AppIcon;
				ASSETCATALOG_COMPILER_GLOBAL_ACCENT_COLOR_NAME = AccentColor;
				CODE_SIGN_STYLE = Automatic;
				CURRENT_PROJECT_VERSION = 1;
				GENERATE_INFOPLIST_FILE = YES;
				INFOPLIST_FILE = RemindRight/Info.plist;
				INFOPLIST_KEY_UIApplicationSupportsIndirectInputEvents = YES;
				INFOPLIST_KEY_UILaunchStoryboardName = LaunchScreen;
				INFOPLIST_KEY_UIMainStoryboardFile = Main;
				INFOPLIST_KEY_UISupportedInterfaceOrientations_iPad = "UIInterfaceOrientationPortrait UIInterfaceOrientationPortraitUpsideDown UIInterfaceOrientationLandscapeLeft UIInterfaceOrientationLandscapeRight";
				INFOPLIST_KEY_UISupportedInterfaceOrientations_iPhone = "UIInterfaceOrientationPortrait UIInterfaceOrientationLandscapeLeft UIInterfaceOrientationLandscapeRight";
				LD_RUNPATH_SEARCH_PATHS = (
					"$(inherited)",
					"@executable_path/Frameworks",
				);
				MARKETING_VERSION = 1.0;
				PRODUCT_BUNDLE_IDENTIFIER = com.tayyab.RemindRight;
				PRODUCT_NAME = "$(TARGET_NAME)";
				SWIFT_EMIT_LOC_STRINGS = YES;
				SWIFT_VERSION = 5.0;
				TARGETED_DEVICE_FAMILY = "1,2";
			};
			name = Release;
		};
/* End XCBuildConfiguration section */

/* Begin XCConfigurationList section */
		D7B8CA7D2AF4FBDD005C29D6 /* Build configuration list for PBXProject "RemindRight" */ = {
			isa = XCConfigurationList;
			buildConfigurations = (
				D7B8CA942AF4FBDE005C29D6 /* Debug */,
				D7B8CA952AF4FBDE005C29D6 /* Release */,
			);
			defaultConfigurationIsVisible = 0;
			defaultConfigurationName = Release;
		};
		D7B8CA962AF4FBDE005C29D6 /* Build configuration list for PBXNativeTarget "RemindRight" */ = {
			isa = XCConfigurationList;
			buildConfigurations = (
				D7B8CA972AF4FBDE005C29D6 /* Debug */,
				D7B8CA982AF4FBDE005C29D6 /* Release */,
			);
			defaultConfigurationIsVisible = 0;
			defaultConfigurationName = Release;
		};
/* End XCConfigurationList section */

/* Begin XCRemoteSwiftPackageReference section */
		D73CDC3A2AF69D1900D5A8E4 /* XCRemoteSwiftPackageReference "firebase-ios-sdk" */ = {
			isa = XCRemoteSwiftPackageReference;
			repositoryURL = "https://github.com/firebase/firebase-ios-sdk";
			requirement = {
				kind = upToNextMajorVersion;
				minimumVersion = 9.0.0;
			};
		};
/* End XCRemoteSwiftPackageReference section */

/* Begin XCSwiftPackageProductDependency section */
		D73CDC3B2AF69D1900D5A8E4 /* FirebaseAuth */ = {
			isa = XCSwiftPackageProductDependency;
			package = D73CDC3A2AF69D1900D5A8E4 /* XCRemoteSwiftPackageReference "firebase-ios-sdk" */;
			productName = FirebaseAuth;
		};
		D73CDC3D2AF69D1900D5A8E4 /* FirebaseAuthCombine-Community */ = {
			isa = XCSwiftPackageProductDependency;
			package = D73CDC3A2AF69D1900D5A8E4 /* XCRemoteSwiftPackageReference "firebase-ios-sdk" */;
			productName = "FirebaseAuthCombine-Community";
		};
		D73CDC3F2AF69D1900D5A8E4 /* FirebaseFirestore */ = {
			isa = XCSwiftPackageProductDependency;
			package = D73CDC3A2AF69D1900D5A8E4 /* XCRemoteSwiftPackageReference "firebase-ios-sdk" */;
			productName = FirebaseFirestore;
		};
		D73CDC412AF69D1900D5A8E4 /* FirebaseFirestoreSwift */ = {
			isa = XCSwiftPackageProductDependency;
			package = D73CDC3A2AF69D1900D5A8E4 /* XCRemoteSwiftPackageReference "firebase-ios-sdk" */;
			productName = FirebaseFirestoreSwift;
		};
		D73CDC432AF69D1900D5A8E4 /* FirebaseFunctions */ = {
			isa = XCSwiftPackageProductDependency;
			package = D73CDC3A2AF69D1900D5A8E4 /* XCRemoteSwiftPackageReference "firebase-ios-sdk" */;
			productName = FirebaseFunctions;
		};
		D73CDC452AF69D1900D5A8E4 /* FirebaseFunctionsCombine-Community */ = {
			isa = XCSwiftPackageProductDependency;
			package = D73CDC3A2AF69D1900D5A8E4 /* XCRemoteSwiftPackageReference "firebase-ios-sdk" */;
			productName = "FirebaseFunctionsCombine-Community";
		};
		D73CDC472AF69D1900D5A8E4 /* FirebaseStorage */ = {
			isa = XCSwiftPackageProductDependency;
			package = D73CDC3A2AF69D1900D5A8E4 /* XCRemoteSwiftPackageReference "firebase-ios-sdk" */;
			productName = FirebaseStorage;
		};
/* End XCSwiftPackageProductDependency section */
	};
	rootObject = D7B8CA7A2AF4FBDD005C29D6 /* Project object */;
}
